Microsoft Visual Studio Solution File, Format Version 12.00
# Visual Studio 15
VisualStudioVersion = 15.0.27703.2026
MinimumVisualStudioVersion = 10.0.40219.1
Project("{9A19103F-16F7-4668-BE54-9A1E7A4F7556}") = "FWTL.Core", "FWTL.Core\FWTL.Core.csproj", "{2F0FA5ED-B973-4BBA-877C-F029A4D56835}"
EndProject
Project("{9A19103F-16F7-4668-BE54-9A1E7A4F7556}") = "FWTL.Infrastructure", "FWTL.Infrastructure\FWTL.Infrastructure.csproj", "{8923B4EF-2B34-4335-BA86-F6E6196453B7}"
EndProject
Project("{9A19103F-16F7-4668-BE54-9A1E7A4F7556}") = "FWTL.Database", "FWTL.Database\FWTL.Database.csproj", "{C841E33D-C49F-4517-81C4-6570D81DE9B9}"
EndProject
Project("{9A19103F-16F7-4668-BE54-9A1E7A4F7556}") = "FWTL.Api", "FWTL.Api\FWTL.Api.csproj", "{6CCD3C07-AEDF-4AB9-8F21-E97FB077C155}"
EndProject
Global
	GlobalSection(SolutionConfigurationPlatforms) = preSolution
		Debug|Any CPU = Debug|Any CPU
		Release|Any CPU = Release|Any CPU
	EndGlobalSection
	GlobalSection(ProjectConfigurationPlatforms) = postSolution
		{2F0FA5ED-B973-4BBA-877C-F029A4D56835}.Debug|Any CPU.ActiveCfg = Debug|Any CPU
		{2F0FA5ED-B973-4BBA-877C-F029A4D56835}.Debug|Any CPU.Build.0 = Debug|Any CPU
		{2F0FA5ED-B973-4BBA-877C-F029A4D56835}.Release|Any CPU.ActiveCfg = Release|Any CPU
		{2F0FA5ED-B973-4BBA-877C-F029A4D56835}.Release|Any CPU.Build.0 = Release|Any CPU
		{8923B4EF-2B34-4335-BA86-F6E6196453B7}.Debug|Any CPU.ActiveCfg = Debug|Any CPU
		{8923B4EF-2B34-4335-BA86-F6E6196453B7}.Debug|Any CPU.Build.0 = Debug|Any CPU
		{8923B4EF-2B34-4335-BA86-F6E6196453B7}.Release|Any CPU.ActiveCfg = Release|Any CPU
		{8923B4EF-2B34-4335-BA86-F6E6196453B7}.Release|Any CPU.Build.0 = Release|Any CPU
		{C841E33D-C49F-4517-81C4-6570D81DE9B9}.Debug|Any CPU.ActiveCfg = Debug|Any CPU
		{C841E33D-C49F-4517-81C4-6570D81DE9B9}.Debug|Any CPU.Build.0 = Debug|Any CPU
		{C841E33D-C49F-4517-81C4-6570D81DE9B9}.Release|Any CPU.ActiveCfg = Release|Any CPU
		{C841E33D-C49F-4517-81C4-6570D81DE9B9}.Release|Any CPU.Build.0 = Release|Any CPU
		{6CCD3C07-AEDF-4AB9-8F21-E97FB077C155}.Debug|Any CPU.ActiveCfg = Debug|Any CPU
		{6CCD3C07-AEDF-4AB9-8F21-E97FB077C155}.Debug|Any CPU.Build.0 = Debug|Any CPU
		{6CCD3C07-AEDF-4AB9-8F21-E97FB077C155}.Release|Any CPU.ActiveCfg = Release|Any CPU
		{6CCD3C07-AEDF-4AB9-8F21-E97FB077C155}.Release|Any CPU.Build.0 = Release|Any CPU
	EndGlobalSection
	GlobalSection(SolutionProperties) = preSolution
		HideSolutionNode = FALSE
	EndGlobalSection
	GlobalSection(ExtensibilityGlobals) = postSolution
		SolutionGuid = {687b1980-3833-4a28-8f9c-ff65f56576bf}
	EndGlobalSection
EndGlobal
